
Microsoft Visual Studio Solution File, Format Version 12.00
# Visual Studio Version 16
VisualStudioVersion = 16.0.31515.178
MinimumVisualStudioVersion = 10.0.40219.1
Project("{FAE04EC0-301F-11D3-BF4B-00C04F79EFBC}") = "NBP2022.Api", "NBP2022.Api\NBP2022.Api.csproj", "{30BB6788-703F-4457-8CFB-158A437F9B75}"
EndProject
Project("{FAE04EC0-301F-11D3-BF4B-00C04F79EFBC}") = "NBP2022.Data", "NBP2022.Data\NBP2022.Data.csproj", "{02ED9234-07A8-4C2A-8B8D-20E4157E6A86}"
EndProject
Global
	GlobalSection(SolutionConfigurationPlatforms) = preSolution
		Debug|Any CPU = Debug|Any CPU
		Release|Any CPU = Release|Any CPU
	EndGlobalSection
	GlobalSection(ProjectConfigurationPlatforms) = postSolution
		{30BB6788-703F-4457-8CFB-158A437F9B75}.Debug|Any CPU.ActiveCfg = Debug|Any CPU
		{30BB6788-703F-4457-8CFB-158A437F9B75}.Debug|Any CPU.Build.0 = Debug|Any CPU
		{30BB6788-703F-4457-8CFB-158A437F9B75}.Release|Any CPU.ActiveCfg = Release|Any CPU
		{30BB6788-703F-4457-8CFB-158A437F9B75}.Release|Any CPU.Build.0 = Release|Any CPU
		{02ED9234-07A8-4C2A-8B8D-20E4157E6A86}.Debug|Any CPU.ActiveCfg = Debug|Any CPU
		{02ED9234-07A8-4C2A-8B8D-20E4157E6A86}.Debug|Any CPU.Build.0 = Debug|Any CPU
		{02ED9234-07A8-4C2A-8B8D-20E4157E6A86}.Release|Any CPU.ActiveCfg = Release|Any CPU
		{02ED9234-07A8-4C2A-8B8D-20E4157E6A86}.Release|Any CPU.Build.0 = Release|Any CPU
	EndGlobalSection
	GlobalSection(SolutionProperties) = preSolution
		HideSolutionNode = FALSE
	EndGlobalSection
	GlobalSection(ExtensibilityGlobals) = postSolution
		SolutionGuid = {33BA85CE-E3BE-413F-970B-48046284C8BA}
	EndGlobalSection
EndGlobal
