
Microsoft Visual Studio Solution File, Format Version 12.00
# Visual Studio Version 17
VisualStudioVersion = 17.8.34330.188
MinimumVisualStudioVersion = 10.0.40219.1
Project("{9A19103F-16F7-4668-BE54-9A1E7A4F7556}") = "NBP2024.API", "NBP2024.API\NBP2024.API.csproj", "{13DDD193-17AA-4163-8D6B-9A6BAA44898E}"
EndProject
Project("{9A19103F-16F7-4668-BE54-9A1E7A4F7556}") = "NBP2024.Domain", "NBP2024.Domain\NBP2024.Domain.csproj", "{10FE4CC9-2728-4ED2-8DFE-5345CF994A50}"
EndProject
Project("{9A19103F-16F7-4668-BE54-9A1E7A4F7556}") = "NBP2024.Infrastructure", "NBP2024.Infrastructure\NBP2024.Infrastructure.csproj", "{26CCDB1D-2D6D-446B-9028-95025B1D07B0}"
EndProject
Project("{9A19103F-16F7-4668-BE54-9A1E7A4F7556}") = "NBP2024.Repository", "NBP2024.Repository\NBP2024.Repository.csproj", "{7E31B982-CAD5-43EC-8BF4-858ED1F6C446}"
EndProject
Project("{9A19103F-16F7-4668-BE54-9A1E7A4F7556}") = "NBP2024.Application", "NBP2024.Application\NBP2024.Application.csproj", "{68DC60B1-5C40-4328-A39B-632164A99513}"
EndProject
Project("{9A19103F-16F7-4668-BE54-9A1E7A4F7556}") = "NBP2024.Infrastructure.MongoDB", "NBP2024.Infrastructure.MongoDB\NBP2024.Infrastructure.MongoDB.csproj", "{D6FF8C30-233C-41E6-85AC-471BE9D82359}"
EndProject
Project("{FAE04EC0-301F-11D3-BF4B-00C04F79EFBC}") = "NBP2024.Infrastructure.GraphDB", "NBP2024.Infrastructure.GraphDB\NBP2024.Infrastructure.GraphDB.csproj", "{406FD7A8-6F1B-4F93-B5C2-EB9C7F72D172}"
EndProject
Global
	GlobalSection(SolutionConfigurationPlatforms) = preSolution
		Debug|Any CPU = Debug|Any CPU
		Release|Any CPU = Release|Any CPU
	EndGlobalSection
	GlobalSection(ProjectConfigurationPlatforms) = postSolution
		{13DDD193-17AA-4163-8D6B-9A6BAA44898E}.Debug|Any CPU.ActiveCfg = Debug|Any CPU
		{13DDD193-17AA-4163-8D6B-9A6BAA44898E}.Debug|Any CPU.Build.0 = Debug|Any CPU
		{13DDD193-17AA-4163-8D6B-9A6BAA44898E}.Release|Any CPU.ActiveCfg = Release|Any CPU
		{13DDD193-17AA-4163-8D6B-9A6BAA44898E}.Release|Any CPU.Build.0 = Release|Any CPU
		{10FE4CC9-2728-4ED2-8DFE-5345CF994A50}.Debug|Any CPU.ActiveCfg = Debug|Any CPU
		{10FE4CC9-2728-4ED2-8DFE-5345CF994A50}.Debug|Any CPU.Build.0 = Debug|Any CPU
		{10FE4CC9-2728-4ED2-8DFE-5345CF994A50}.Release|Any CPU.ActiveCfg = Release|Any CPU
		{10FE4CC9-2728-4ED2-8DFE-5345CF994A50}.Release|Any CPU.Build.0 = Release|Any CPU
		{26CCDB1D-2D6D-446B-9028-95025B1D07B0}.Debug|Any CPU.ActiveCfg = Debug|Any CPU
		{26CCDB1D-2D6D-446B-9028-95025B1D07B0}.Debug|Any CPU.Build.0 = Debug|Any CPU
		{26CCDB1D-2D6D-446B-9028-95025B1D07B0}.Release|Any CPU.ActiveCfg = Release|Any CPU
		{26CCDB1D-2D6D-446B-9028-95025B1D07B0}.Release|Any CPU.Build.0 = Release|Any CPU
		{7E31B982-CAD5-43EC-8BF4-858ED1F6C446}.Debug|Any CPU.ActiveCfg = Debug|Any CPU
		{7E31B982-CAD5-43EC-8BF4-858ED1F6C446}.Debug|Any CPU.Build.0 = Debug|Any CPU
		{7E31B982-CAD5-43EC-8BF4-858ED1F6C446}.Release|Any CPU.ActiveCfg = Release|Any CPU
		{7E31B982-CAD5-43EC-8BF4-858ED1F6C446}.Release|Any CPU.Build.0 = Release|Any CPU
		{68DC60B1-5C40-4328-A39B-632164A99513}.Debug|Any CPU.ActiveCfg = Debug|Any CPU
		{68DC60B1-5C40-4328-A39B-632164A99513}.Debug|Any CPU.Build.0 = Debug|Any CPU
		{68DC60B1-5C40-4328-A39B-632164A99513}.Release|Any CPU.ActiveCfg = Release|Any CPU
		{68DC60B1-5C40-4328-A39B-632164A99513}.Release|Any CPU.Build.0 = Release|Any CPU
		{D6FF8C30-233C-41E6-85AC-471BE9D82359}.Debug|Any CPU.ActiveCfg = Debug|Any CPU
		{D6FF8C30-233C-41E6-85AC-471BE9D82359}.Debug|Any CPU.Build.0 = Debug|Any CPU
		{D6FF8C30-233C-41E6-85AC-471BE9D82359}.Release|Any CPU.ActiveCfg = Release|Any CPU
		{D6FF8C30-233C-41E6-85AC-471BE9D82359}.Release|Any CPU.Build.0 = Release|Any CPU
		{406FD7A8-6F1B-4F93-B5C2-EB9C7F72D172}.Debug|Any CPU.ActiveCfg = Debug|Any CPU
		{406FD7A8-6F1B-4F93-B5C2-EB9C7F72D172}.Debug|Any CPU.Build.0 = Debug|Any CPU
		{406FD7A8-6F1B-4F93-B5C2-EB9C7F72D172}.Release|Any CPU.ActiveCfg = Release|Any CPU
		{406FD7A8-6F1B-4F93-B5C2-EB9C7F72D172}.Release|Any CPU.Build.0 = Release|Any CPU
	EndGlobalSection
	GlobalSection(SolutionProperties) = preSolution
		HideSolutionNode = FALSE
	EndGlobalSection
	GlobalSection(ExtensibilityGlobals) = postSolution
		SolutionGuid = {F88CAA46-A63C-4B11-8B6B-9652F65DF5F6}
	EndGlobalSection
EndGlobal
